
Microsoft Visual Studio Solution File, Format Version 12.00
# Visual Studio 15
Project("{FAE04EC0-301F-11D3-BF4B-00C04F79EFBC}") = "VS4Mac.ColorHelper", "VS4Mac.ColorHelper\VS4Mac.ColorHelper.csproj", "{45B6F8E7-488E-4AB6-AB07-D6743A5766A1}"
EndProject
Project("{FAE04EC0-301F-11D3-BF4B-00C04F79EFBC}") = "VS4Mac.ColorHelper.Tests", "VS4Mac.ColorHelper.Tests\VS4Mac.ColorHelper.Tests.csproj", "{6300E14D-3F94-4C21-95A0-478782D38370}"
EndProject
Global
	GlobalSection(SolutionConfigurationPlatforms) = preSolution
		Debug|Any CPU = Debug|Any CPU
		Release|Any CPU = Release|Any CPU
	EndGlobalSection
	GlobalSection(ProjectConfigurationPlatforms) = postSolution
		{45B6F8E7-488E-4AB6-AB07-D6743A5766A1}.Debug|Any CPU.ActiveCfg = Debug|Any CPU
		{45B6F8E7-488E-4AB6-AB07-D6743A5766A1}.Debug|Any CPU.Build.0 = Debug|Any CPU
		{45B6F8E7-488E-4AB6-AB07-D6743A5766A1}.Release|Any CPU.ActiveCfg = Release|Any CPU
		{45B6F8E7-488E-4AB6-AB07-D6743A5766A1}.Release|Any CPU.Build.0 = Release|Any CPU
		{6300E14D-3F94-4C21-95A0-478782D38370}.Debug|Any CPU.ActiveCfg = Debug|Any CPU
		{6300E14D-3F94-4C21-95A0-478782D38370}.Debug|Any CPU.Build.0 = Debug|Any CPU
		{6300E14D-3F94-4C21-95A0-478782D38370}.Release|Any CPU.ActiveCfg = Release|Any CPU
		{6300E14D-3F94-4C21-95A0-478782D38370}.Release|Any CPU.Build.0 = Release|Any CPU
	EndGlobalSection
EndGlobal
